{
  "name": "scylla_lib_example",
  "version": "0.0.1",
  "lockfileVersion": 2,
  "requires": true,
  "packages": {
    "": {
      "name": "scylla_lib_example",
      "version": "0.0.1",
      "license": "MIT",
      "dependencies": {
        "scylla_pg_client": "^0.1.0"
      },
      "devDependencies": {
        "typescript": "^4.9.4"
      }
    },
    "node_modules/scylla_pg_client": {
      "version": "0.1.0",
      "resolved": "https://registry.npmjs.org/scylla_pg_client/-/scylla_pg_client-0.1.0.tgz",
      "integrity": "sha512-VPZHqqTFlNpg8wWeoCFQ7YmzeBboIASlwL2JUQvY62xd9QampePaM2ExqRcEZqX5IerNFUXh+XUCmzTlCngU1Q==",
      "engines": {
        "node": ">=14.16.1",
        "npm": ">=6.14.12"
      }
    },
    "node_modules/typescript": {
      "version": "4.9.4",
      "resolved": "https://registry.npmjs.org/typescript/-/typescript-4.9.4.tgz",
      "integrity": "sha512-Uz+dTXYzxXXbsFpM86Wh3dKCxrQqUcVMxwU54orwlJjOpO3ao8L7j5lH+dWfTwgCwIuM9GQ2kvVotzYJMXTBZg==",
      "dev": true,
      "bin": {
        "tsc": "bin/tsc",
        "tsserver": "bin/tsserver"
      },
      "engines": {
        "node": ">=4.2.0"
      }
    }
  },
  "dependencies": {
    "scylla_pg_client": {
      "version": "0.1.0",
      "resolved": "https://registry.npmjs.org/scylla_pg_client/-/scylla_pg_client-0.1.0.tgz",
      "integrity": "sha512-VPZHqqTFlNpg8wWeoCFQ7YmzeBboIASlwL2JUQvY62xd9QampePaM2ExqRcEZqX5IerNFUXh+XUCmzTlCngU1Q=="
    },
    "typescript": {
      "version": "4.9.4",
      "resolved": "https://registry.npmjs.org/typescript/-/typescript-4.9.4.tgz",
      "integrity": "sha512-Uz+dTXYzxXXbsFpM86Wh3dKCxrQqUcVMxwU54orwlJjOpO3ao8L7j5lH+dWfTwgCwIuM9GQ2kvVotzYJMXTBZg==",
      "dev": true
    }
  }
}
