{
  "name": "scylla_lib_example",
  "version": "0.0.1",
  "lockfileVersion": 1,
  "requires": true,
  "dependencies": {
    "@types/node": {
      "version": "20.4.1",
      "resolved": "https://registry.npmjs.org/@types/node/-/node-20.4.1.tgz",
      "integrity": "sha512-JIzsAvJeA/5iY6Y/OxZbv1lUcc8dNSE77lb2gnBH+/PJ3lFR1Ccvgwl5JWnHAkNHcRsT0TbpVOsiMKZ1F/yyJg==",
      "dev": true
    },
    "scylla_pg_client": {
      "version": "0.1.4",
      "resolved": "https://registry.npmjs.org/scylla_pg_client/-/scylla_pg_client-0.1.4.tgz",
      "integrity": "sha512-mnSkY2XxSyLYuCEldNhlQmrb2LE7tXoDdELuPnAb7FIWYdGxxB9vLz1zEq4r6daqM0H3V6xOqIaWp/nKAspYag==",
      "requires": {
        "scylla_pg_js": "0.1.4"
      }
    },
    "scylla_pg_js": {
      "version": "0.1.4",
      "resolved": "https://registry.npmjs.org/scylla_pg_js/-/scylla_pg_js-0.1.4.tgz",
      "integrity": "sha512-vXWZ5wgGxTcqu3mKVp8xyXc9XwLj/2SvRmfW+sf/V17zwek7qTdwDXLehUgOjk9ZnXKPatuboiKvQtCSsN460A==",
      "requires": {
        "scylla_pg_js-darwin-arm64": "~0.1.3",
        "scylla_pg_js-darwin-universal": "~0.1.3",
        "scylla_pg_js-darwin-x64": "~0.1.3"
      }
    },
    "scylla_pg_js-darwin-arm64": {
      "version": "0.1.4",
      "resolved": "https://registry.npmjs.org/scylla_pg_js-darwin-arm64/-/scylla_pg_js-darwin-arm64-0.1.4.tgz",
      "integrity": "sha512-K7KcX6kmK+89+Hm8O1OixLuenENijsr47VCKMCD/6RMD5yxoadnqy8QjsbS2ca5OQQTf/5VjlXYo4EDRIvuzdA==",
      "optional": true
    },
    "scylla_pg_js-darwin-universal": {
      "version": "0.1.4",
      "resolved": "https://registry.npmjs.org/scylla_pg_js-darwin-universal/-/scylla_pg_js-darwin-universal-0.1.4.tgz",
      "integrity": "sha512-FPUhIuGZb8pkaW0mIVXx6KFdN7K6gM7JIOrjfRdofYfNx10uOp1pxt5wtGrsxPXsDIxsY2kIgjjivcqFiCAAnw==",
      "optional": true
    },
    "scylla_pg_js-darwin-x64": {
      "version": "0.1.4",
      "resolved": "https://registry.npmjs.org/scylla_pg_js-darwin-x64/-/scylla_pg_js-darwin-x64-0.1.4.tgz",
      "integrity": "sha512-jRZeEIk2fk9ZhLR6317L6eEgFN0HvEuu3nDckjby4lVwntVYGtiCv/GZitZAbplSd+oQYJWsQN3mMjqlmGMJIQ==",
      "optional": true
    },
    "typescript": {
      "version": "4.9.5",
      "resolved": "https://registry.npmjs.org/typescript/-/typescript-4.9.5.tgz",
      "integrity": "sha512-1FXk9E2Hm+QzZQ7z+McJiHL4NW1F2EzMu9Nq9i3zAaGqibafqYwCVU6WyWAuyQRRzOlxou8xZSyXLEN8oKj24g==",
      "dev": true
    }
  }
}
